{
  "name": "totaladvisinglibcalspaceevents",
  "version": "2.0.0",
  "lockfileVersion": 2,
  "requires": true,
  "packages": {
    "": {
      "name": "totaladvisinglibcalspaceevents",
      "version": "2.0.0",
      "license": "ISC",
      "dependencies": {
        "ical-generator": "^3.6.1"
      },
      "engines": {
        "node": ">=24 <25"
      }
    },
    "node_modules/ical-generator": {
      "version": "3.6.1",
      "resolved": "https://registry.npmjs.org/ical-generator/-/ical-generator-3.6.1.tgz",
      "integrity": "sha512-tEH0OTNn00Mp61DcTxIFR+5fhsAivKk1LWAJUAbkMCI+M4yu+cZzT5X8rZf3b5PzFkMogh0zj3PsFh9bHvGGIQ==",
      "license": "MIT",
      "dependencies": {
        "uuid-random": "^1.3.2"
      },
      "engines": {
        "node": ">=12.0.0"
      },
      "peerDependencies": {
        "@touch4it/ical-timezones": ">=1.6.0",
        "@types/luxon": ">= 1.26.0",
        "@types/mocha": ">= 8.2.1",
        "@types/node": ">= 15.0.0",
        "dayjs": ">= 1.10.0",
        "luxon": ">= 1.26.0",
        "moment": ">= 2.29.0",
        "moment-timezone": ">= 0.5.33",
        "rrule": ">= 2.6.8"
      },
      "peerDependenciesMeta": {
        "@touch4it/ical-timezones": {
          "optional": true
        },
        "@types/luxon": {
          "optional": true
        },
        "@types/mocha": {
          "optional": true
        },
        "@types/node": {
          "optional": true
        },
        "dayjs": {
          "optional": true
        },
        "luxon": {
          "optional": true
        },
        "moment": {
          "optional": true
        },
        "moment-timezone": {
          "optional": true
        },
        "rrule": {
          "optional": true
        }
      }
    },
    "node_modules/moment": {
      "version": "2.29.4",
      "resolved": "https://registry.npmjs.org/moment/-/moment-2.29.4.tgz",
      "integrity": "sha512-5LC9SOxjSc2HF6vO2CyuTDNivEdoz2IvyJJGj6X8DJ0eFyfszE0QiEd+iXmBvUP3WHxSjFH/vIsA0EN00cgr8w==",
      "optional": true,
      "engines": {
        "node": "*"
      }
    },
    "node_modules/uuid-random": {
      "version": "1.3.2",
      "resolved": "https://registry.npmjs.org/uuid-random/-/uuid-random-1.3.2.tgz",
      "integrity": "sha512-UOzej0Le/UgkbWEO8flm+0y+G+ljUon1QWTEZOq1rnMAsxo2+SckbiZdKzAHHlVh6gJqI1TjC/xwgR50MuCrBQ=="
    }
  },
  "dependencies": {
    "ical-generator": {
      "version": "3.6.1",
      "resolved": "https://registry.npmjs.org/ical-generator/-/ical-generator-3.6.1.tgz",
      "integrity": "sha512-tEH0OTNn00Mp61DcTxIFR+5fhsAivKk1LWAJUAbkMCI+M4yu+cZzT5X8rZf3b5PzFkMogh0zj3PsFh9bHvGGIQ==",
      "requires": {
        "uuid-random": "^1.3.2"
      }
    },
    "moment": {
      "version": "2.29.4",
      "resolved": "https://registry.npmjs.org/moment/-/moment-2.29.4.tgz",
      "integrity": "sha512-5LC9SOxjSc2HF6vO2CyuTDNivEdoz2IvyJJGj6X8DJ0eFyfszE0QiEd+iXmBvUP3WHxSjFH/vIsA0EN00cgr8w==",
      "optional": true
    },
    "uuid-random": {
      "version": "1.3.2",
      "resolved": "https://registry.npmjs.org/uuid-random/-/uuid-random-1.3.2.tgz",
      "integrity": "sha512-UOzej0Le/UgkbWEO8flm+0y+G+ljUon1QWTEZOq1rnMAsxo2+SckbiZdKzAHHlVh6gJqI1TjC/xwgR50MuCrBQ=="
    }
  }
}
