{
  "name": "purchaserequestsubmit",
  "version": "1.0.0",
  "lockfileVersion": 2,
  "requires": true,
  "packages": {
    "": {
      "name": "purchaserequestsubmit",
      "version": "1.0.0",
      "license": "ISC",
      "dependencies": {
        "node-fetch": "^2.6.7",
        "string-strip-html": "^4.0.15"
      }
    },
    "node_modules/ent": {
      "version": "2.2.0",
      "resolved": "https://registry.npmjs.org/ent/-/ent-2.2.0.tgz",
      "integrity": "sha512-GHrMyVZQWvTIdDtpiEXdHZnFQKzeO09apj8Cbl4pKWy4i0Oprcq17usfDt5aO63swf0JOeMWjWQE/LzgSRuWpA=="
    },
    "node_modules/lodash.clonedeep": {
      "version": "4.5.0",
      "resolved": "https://registry.npmjs.org/lodash.clonedeep/-/lodash.clonedeep-4.5.0.tgz",
      "integrity": "sha512-H5ZhCF25riFd9uB5UCkVKo61m3S/xZk1x4wA6yp/L3RFP6Z/eHH1ymQcGLo7J3GMPfm0V/7m1tryHuGVxpqEBQ=="
    },
    "node_modules/lodash.isplainobject": {
      "version": "4.0.6",
      "resolved": "https://registry.npmjs.org/lodash.isplainobject/-/lodash.isplainobject-4.0.6.tgz",
      "integrity": "sha512-oSXzaWypCMHkPC3NvBEaPHf0KsA5mvPrOPgQWDsbg8n7orZ290M0BmC/jgRZ4vcJ6DTAhjrsSYgdsW/F+MFOBA=="
    },
    "node_modules/lodash.trim": {
      "version": "4.5.1",
      "resolved": "https://registry.npmjs.org/lodash.trim/-/lodash.trim-4.5.1.tgz",
      "integrity": "sha512-nJAlRl/K+eiOehWKDzoBVrSMhK0K3A3YQsUNXHQa5yIrKBAhsZgSu3KoAFoFT+mEgiyBHddZ0pRk1ITpIp90Wg=="
    },
    "node_modules/lodash.without": {
      "version": "4.4.0",
      "resolved": "https://registry.npmjs.org/lodash.without/-/lodash.without-4.4.0.tgz",
      "integrity": "sha512-M3MefBwfDhgKgINVuBJCO1YR3+gf6s9HNJsIiZ/Ru77Ws6uTb9eBuvrkpzO+9iLoAaRodGuq7tyrPCx+74QYGQ=="
    },
    "node_modules/node-fetch": {
      "version": "2.6.7",
      "resolved": "https://registry.npmjs.org/node-fetch/-/node-fetch-2.6.7.tgz",
      "integrity": "sha512-ZjMPFEfVx5j+y2yF35Kzx5sF7kDzxuDj6ziH4FFbOp87zKDZNx8yExJIb05OGF4Nlt9IHFIMBkRl41VdvcNdbQ==",
      "dependencies": {
        "whatwg-url": "^5.0.0"
      },
      "engines": {
        "node": "4.x || >=6.0.0"
      },
      "peerDependencies": {
        "encoding": "^0.1.0"
      },
      "peerDependenciesMeta": {
        "encoding": {
          "optional": true
        }
      }
    },
    "node_modules/ranges-apply": {
      "version": "3.2.4",
      "resolved": "https://registry.npmjs.org/ranges-apply/-/ranges-apply-3.2.4.tgz",
      "integrity": "sha512-oYUOq8xoaJ2CPkZPNu9xHjrsiUlLyqqQdPByx9Cl8of45GUPCfTn5i3JTKtiftDQRG89535xz5wgXvzhGOAicw==",
      "dependencies": {
        "ranges-merge": "^5.0.4"
      }
    },
    "node_modules/ranges-merge": {
      "version": "5.0.4",
      "resolved": "https://registry.npmjs.org/ranges-merge/-/ranges-merge-5.0.4.tgz",
      "integrity": "sha512-B5aRtF+G7COGp9Wa8VW3tgjIaOaMBnqGAEMs4fgJHGTk3hQFOM94QJ5l4a01J8IzRLs1WHl3DopfQch48e6+QA==",
      "dependencies": {
        "ranges-sort": "^3.13.4"
      }
    },
    "node_modules/ranges-push": {
      "version": "3.7.23",
      "resolved": "https://registry.npmjs.org/ranges-push/-/ranges-push-3.7.23.tgz",
      "integrity": "sha512-hQ6O5cSQvovW1BeE5NOfYkdNSRmKx2HORJPc2tcnl8JmJcgUHNAdA3VgzlSN351TrYTyTVeAf+/9tcIAGXPQVg==",
      "dependencies": {
        "ranges-merge": "^5.0.4",
        "string-collapse-leading-whitespace": "^3.0.3",
        "string-trim-spaces-only": "^2.8.24"
      }
    },
    "node_modules/ranges-sort": {
      "version": "3.14.0",
      "resolved": "https://registry.npmjs.org/ranges-sort/-/ranges-sort-3.14.0.tgz",
      "integrity": "sha512-QoqzNY4yf/JtpBaOG12uxWxb/BUu9hPUucakOBrkgKA57GtmjJqMZYauqYryAVMztpkrrO7kqqzrIadYBXT53Q=="
    },
    "node_modules/string-collapse-leading-whitespace": {
      "version": "3.0.3",
      "resolved": "https://registry.npmjs.org/string-collapse-leading-whitespace/-/string-collapse-leading-whitespace-3.0.3.tgz",
      "integrity": "sha512-UuPzS8WE+Obvh+CHYR/XiE8XNbPUrDNRIuQEAhugxEYr1IYVMQqt2e+9PzkcrqQ/c5/nXDbPDfCrtDQlw+2j3A=="
    },
    "node_modules/string-left-right": {
      "version": "2.3.32",
      "resolved": "https://registry.npmjs.org/string-left-right/-/string-left-right-2.3.32.tgz",
      "integrity": "sha512-v/mWktI+OKVovuOm+mc5n/qeCANkgiNtgJFZ9kZKcUpIIwa60SLxx3Ubjk2nD4MgBc9shCe3znzV3R7bT1Dvdw==",
      "dependencies": {
        "lodash.clonedeep": "^4.5.0",
        "lodash.isplainobject": "^4.0.6"
      }
    },
    "node_modules/string-strip-html": {
      "version": "4.5.1",
      "resolved": "https://registry.npmjs.org/string-strip-html/-/string-strip-html-4.5.1.tgz",
      "integrity": "sha512-8zyUgZgehIoBWMUYuxZ75RoMWOKc1xlDi18sdENYnF3oI9XUUfK+9o1e7trEQ7SP8yEsMAvema7/oG/oEbb6lQ==",
      "dependencies": {
        "ent": "^2.2.0",
        "lodash.isplainobject": "^4.0.6",
        "lodash.trim": "^4.5.1",
        "lodash.without": "^4.4.0",
        "ranges-apply": "^3.1.11",
        "ranges-push": "^3.7.15",
        "string-left-right": "^2.3.25"
      }
    },
    "node_modules/string-trim-spaces-only": {
      "version": "2.9.0",
      "resolved": "https://registry.npmjs.org/string-trim-spaces-only/-/string-trim-spaces-only-2.9.0.tgz",
      "integrity": "sha512-Ny/6ncfD52McLZbgYhhediuTzLGDjKd53H1QcJBFh1kbZRtsBntYmScJx5LeyPteGDRDbzP+qP6TyqJVj2ef9g=="
    },
    "node_modules/tr46": {
      "version": "0.0.3",
      "resolved": "https://registry.npmjs.org/tr46/-/tr46-0.0.3.tgz",
      "integrity": "sha512-N3WMsuqV66lT30CrXNbEjx4GEwlow3v6rr4mCcv6prnfwhS01rkgyFdjPNBYd9br7LpXV1+Emh01fHnq2Gdgrw=="
    },
    "node_modules/webidl-conversions": {
      "version": "3.0.1",
      "resolved": "https://registry.npmjs.org/webidl-conversions/-/webidl-conversions-3.0.1.tgz",
      "integrity": "sha512-2JAn3z8AR6rjK8Sm8orRC0h/bcl/DqL7tRPdGZ4I1CjdF+EaMLmYxBHyXuKL849eucPFhvBoxMsflfOb8kxaeQ=="
    },
    "node_modules/whatwg-url": {
      "version": "5.0.0",
      "resolved": "https://registry.npmjs.org/whatwg-url/-/whatwg-url-5.0.0.tgz",
      "integrity": "sha512-saE57nupxk6v3HY35+jzBwYa0rKSy0XR8JSxZPwgLr7ys0IBzhGviA1/TUGJLmSVqs8pb9AnvICXEuOHLprYTw==",
      "dependencies": {
        "tr46": "~0.0.3",
        "webidl-conversions": "^3.0.0"
      }
    }
  },
  "dependencies": {
    "ent": {
      "version": "2.2.0",
      "resolved": "https://registry.npmjs.org/ent/-/ent-2.2.0.tgz",
      "integrity": "sha512-GHrMyVZQWvTIdDtpiEXdHZnFQKzeO09apj8Cbl4pKWy4i0Oprcq17usfDt5aO63swf0JOeMWjWQE/LzgSRuWpA=="
    },
    "lodash.clonedeep": {
      "version": "4.5.0",
      "resolved": "https://registry.npmjs.org/lodash.clonedeep/-/lodash.clonedeep-4.5.0.tgz",
      "integrity": "sha512-H5ZhCF25riFd9uB5UCkVKo61m3S/xZk1x4wA6yp/L3RFP6Z/eHH1ymQcGLo7J3GMPfm0V/7m1tryHuGVxpqEBQ=="
    },
    "lodash.isplainobject": {
      "version": "4.0.6",
      "resolved": "https://registry.npmjs.org/lodash.isplainobject/-/lodash.isplainobject-4.0.6.tgz",
      "integrity": "sha512-oSXzaWypCMHkPC3NvBEaPHf0KsA5mvPrOPgQWDsbg8n7orZ290M0BmC/jgRZ4vcJ6DTAhjrsSYgdsW/F+MFOBA=="
    },
    "lodash.trim": {
      "version": "4.5.1",
      "resolved": "https://registry.npmjs.org/lodash.trim/-/lodash.trim-4.5.1.tgz",
      "integrity": "sha512-nJAlRl/K+eiOehWKDzoBVrSMhK0K3A3YQsUNXHQa5yIrKBAhsZgSu3KoAFoFT+mEgiyBHddZ0pRk1ITpIp90Wg=="
    },
    "lodash.without": {
      "version": "4.4.0",
      "resolved": "https://registry.npmjs.org/lodash.without/-/lodash.without-4.4.0.tgz",
      "integrity": "sha512-M3MefBwfDhgKgINVuBJCO1YR3+gf6s9HNJsIiZ/Ru77Ws6uTb9eBuvrkpzO+9iLoAaRodGuq7tyrPCx+74QYGQ=="
    },
    "node-fetch": {
      "version": "2.6.7",
      "resolved": "https://registry.npmjs.org/node-fetch/-/node-fetch-2.6.7.tgz",
      "integrity": "sha512-ZjMPFEfVx5j+y2yF35Kzx5sF7kDzxuDj6ziH4FFbOp87zKDZNx8yExJIb05OGF4Nlt9IHFIMBkRl41VdvcNdbQ==",
      "requires": {
        "whatwg-url": "^5.0.0"
      }
    },
    "ranges-apply": {
      "version": "3.2.4",
      "resolved": "https://registry.npmjs.org/ranges-apply/-/ranges-apply-3.2.4.tgz",
      "integrity": "sha512-oYUOq8xoaJ2CPkZPNu9xHjrsiUlLyqqQdPByx9Cl8of45GUPCfTn5i3JTKtiftDQRG89535xz5wgXvzhGOAicw==",
      "requires": {
        "ranges-merge": "^5.0.4"
      }
    },
    "ranges-merge": {
      "version": "5.0.4",
      "resolved": "https://registry.npmjs.org/ranges-merge/-/ranges-merge-5.0.4.tgz",
      "integrity": "sha512-B5aRtF+G7COGp9Wa8VW3tgjIaOaMBnqGAEMs4fgJHGTk3hQFOM94QJ5l4a01J8IzRLs1WHl3DopfQch48e6+QA==",
      "requires": {
        "ranges-sort": "^3.13.4"
      }
    },
    "ranges-push": {
      "version": "3.7.23",
      "resolved": "https://registry.npmjs.org/ranges-push/-/ranges-push-3.7.23.tgz",
      "integrity": "sha512-hQ6O5cSQvovW1BeE5NOfYkdNSRmKx2HORJPc2tcnl8JmJcgUHNAdA3VgzlSN351TrYTyTVeAf+/9tcIAGXPQVg==",
      "requires": {
        "ranges-merge": "^5.0.4",
        "string-collapse-leading-whitespace": "^3.0.3",
        "string-trim-spaces-only": "^2.8.24"
      }
    },
    "ranges-sort": {
      "version": "3.14.0",
      "resolved": "https://registry.npmjs.org/ranges-sort/-/ranges-sort-3.14.0.tgz",
      "integrity": "sha512-QoqzNY4yf/JtpBaOG12uxWxb/BUu9hPUucakOBrkgKA57GtmjJqMZYauqYryAVMztpkrrO7kqqzrIadYBXT53Q=="
    },
    "string-collapse-leading-whitespace": {
      "version": "3.0.3",
      "resolved": "https://registry.npmjs.org/string-collapse-leading-whitespace/-/string-collapse-leading-whitespace-3.0.3.tgz",
      "integrity": "sha512-UuPzS8WE+Obvh+CHYR/XiE8XNbPUrDNRIuQEAhugxEYr1IYVMQqt2e+9PzkcrqQ/c5/nXDbPDfCrtDQlw+2j3A=="
    },
    "string-left-right": {
      "version": "2.3.32",
      "resolved": "https://registry.npmjs.org/string-left-right/-/string-left-right-2.3.32.tgz",
      "integrity": "sha512-v/mWktI+OKVovuOm+mc5n/qeCANkgiNtgJFZ9kZKcUpIIwa60SLxx3Ubjk2nD4MgBc9shCe3znzV3R7bT1Dvdw==",
      "requires": {
        "lodash.clonedeep": "^4.5.0",
        "lodash.isplainobject": "^4.0.6"
      }
    },
    "string-strip-html": {
      "version": "4.5.1",
      "resolved": "https://registry.npmjs.org/string-strip-html/-/string-strip-html-4.5.1.tgz",
      "integrity": "sha512-8zyUgZgehIoBWMUYuxZ75RoMWOKc1xlDi18sdENYnF3oI9XUUfK+9o1e7trEQ7SP8yEsMAvema7/oG/oEbb6lQ==",
      "requires": {
        "ent": "^2.2.0",
        "lodash.isplainobject": "^4.0.6",
        "lodash.trim": "^4.5.1",
        "lodash.without": "^4.4.0",
        "ranges-apply": "^3.1.11",
        "ranges-push": "^3.7.15",
        "string-left-right": "^2.3.25"
      }
    },
    "string-trim-spaces-only": {
      "version": "2.9.0",
      "resolved": "https://registry.npmjs.org/string-trim-spaces-only/-/string-trim-spaces-only-2.9.0.tgz",
      "integrity": "sha512-Ny/6ncfD52McLZbgYhhediuTzLGDjKd53H1QcJBFh1kbZRtsBntYmScJx5LeyPteGDRDbzP+qP6TyqJVj2ef9g=="
    },
    "tr46": {
      "version": "0.0.3",
      "resolved": "https://registry.npmjs.org/tr46/-/tr46-0.0.3.tgz",
      "integrity": "sha512-N3WMsuqV66lT30CrXNbEjx4GEwlow3v6rr4mCcv6prnfwhS01rkgyFdjPNBYd9br7LpXV1+Emh01fHnq2Gdgrw=="
    },
    "webidl-conversions": {
      "version": "3.0.1",
      "resolved": "https://registry.npmjs.org/webidl-conversions/-/webidl-conversions-3.0.1.tgz",
      "integrity": "sha512-2JAn3z8AR6rjK8Sm8orRC0h/bcl/DqL7tRPdGZ4I1CjdF+EaMLmYxBHyXuKL849eucPFhvBoxMsflfOb8kxaeQ=="
    },
    "whatwg-url": {
      "version": "5.0.0",
      "resolved": "https://registry.npmjs.org/whatwg-url/-/whatwg-url-5.0.0.tgz",
      "integrity": "sha512-saE57nupxk6v3HY35+jzBwYa0rKSy0XR8JSxZPwgLr7ys0IBzhGviA1/TUGJLmSVqs8pb9AnvICXEuOHLprYTw==",
      "requires": {
        "tr46": "~0.0.3",
        "webidl-conversions": "^3.0.0"
      }
    }
  }
}
